
Microsoft Visual Studio Solution File, Format Version 12.00
# Visual Studio Version 17
VisualStudioVersion = 17.4.33213.308
MinimumVisualStudioVersion = 10.0.40219.1
Project("{FAE04EC0-301F-11D3-BF4B-00C04F79EFBC}") = "digiBank", "digiBank\digiBank.csproj", "{068CAD07-7FF3-4404-971E-E4CBDDB665E5}"
EndProject
Global
	GlobalSection(SolutionConfigurationPlatforms) = preSolution
		Debug|Any CPU = Debug|Any CPU
		Release|Any CPU = Release|Any CPU
	EndGlobalSection
	GlobalSection(ProjectConfigurationPlatforms) = postSolution
		{068CAD07-7FF3-4404-971E-E4CBDDB665E5}.Debug|Any CPU.ActiveCfg = Debug|Any CPU
		{068CAD07-7FF3-4404-971E-E4CBDDB665E5}.Debug|Any CPU.Build.0 = Debug|Any CPU
		{068CAD07-7FF3-4404-971E-E4CBDDB665E5}.Release|Any CPU.ActiveCfg = Release|Any CPU
		{068CAD07-7FF3-4404-971E-E4CBDDB665E5}.Release|Any CPU.Build.0 = Release|Any CPU
	EndGlobalSection
	GlobalSection(SolutionProperties) = preSolution
		HideSolutionNode = FALSE
	EndGlobalSection
	GlobalSection(ExtensibilityGlobals) = postSolution
		SolutionGuid = {6062BF8D-F009-4418-A532-4505812A4BEE}
	EndGlobalSection
EndGlobal
